
Microsoft Visual Studio Solution File, Format Version 12.00
# Visual Studio Version 17
VisualStudioVersion = 17.5.002.0
MinimumVisualStudioVersion = 10.0.40219.1
Project("{9A19103F-16F7-4668-BE54-9A1E7A4F7556}") = "BiancasBikes", "BiancasBikes.csproj", "{39115E4C-7F24-4928-A76A-196AD21B4756}"
EndProject
Global
	GlobalSection(SolutionConfigurationPlatforms) = preSolution
		Debug|Any CPU = Debug|Any CPU
		Release|Any CPU = Release|Any CPU
	EndGlobalSection
	GlobalSection(ProjectConfigurationPlatforms) = postSolution
		{39115E4C-7F24-4928-A76A-196AD21B4756}.Debug|Any CPU.ActiveCfg = Debug|Any CPU
		{39115E4C-7F24-4928-A76A-196AD21B4756}.Debug|Any CPU.Build.0 = Debug|Any CPU
		{39115E4C-7F24-4928-A76A-196AD21B4756}.Release|Any CPU.ActiveCfg = Release|Any CPU
		{39115E4C-7F24-4928-A76A-196AD21B4756}.Release|Any CPU.Build.0 = Release|Any CPU
	EndGlobalSection
	GlobalSection(SolutionProperties) = preSolution
		HideSolutionNode = FALSE
	EndGlobalSection
	GlobalSection(ExtensibilityGlobals) = postSolution
		SolutionGuid = {9ABA0593-4C48-4968-9D11-CE6724EA008E}
	EndGlobalSection
EndGlobal
